{
  "name": "Alan_AI_News_Reader_Project",
  "lockfileVersion": 2,
  "requires": true,
  "packages": {
    "": {
      "dependencies": {
        "@alan-ai/alan-sdk-web": "^1.7.0"
      }
    },
    "node_modules/@alan-ai/alan-sdk-web": {
      "version": "1.7.0",
      "resolved": "https://registry.npmjs.org/@alan-ai/alan-sdk-web/-/alan-sdk-web-1.7.0.tgz",
      "integrity": "sha512-JmoN+Ky7vvXEjMMj9Q99JNri4LWoPmHPMw/G+j3JvF+OUk5/963WV6yLGTTCeJYMbjMZEGtZ98uUHpD37QP9Sw=="
    }
  },
  "dependencies": {
    "@alan-ai/alan-sdk-web": {
      "version": "1.7.0",
      "resolved": "https://registry.npmjs.org/@alan-ai/alan-sdk-web/-/alan-sdk-web-1.7.0.tgz",
      "integrity": "sha512-JmoN+Ky7vvXEjMMj9Q99JNri4LWoPmHPMw/G+j3JvF+OUk5/963WV6yLGTTCeJYMbjMZEGtZ98uUHpD37QP9Sw=="
    }
  }
}
